
Microsoft Visual Studio Solution File, Format Version 12.00
# Visual Studio Version 17
VisualStudioVersion = 17.2.32630.192
MinimumVisualStudioVersion = 10.0.40219.1
Project("{FAE04EC0-301F-11D3-BF4B-00C04F79EFBC}") = "SosPetsMinimalApi", "SosPetsMinimalApi\SosPetsMinimalApi.csproj", "{3056EA15-AA64-4D3D-9E9A-6462E240802D}"
EndProject
Project("{FAE04EC0-301F-11D3-BF4B-00C04F79EFBC}") = "SosPets.DTO", "ClassLibrary1\SosPets.DTO.csproj", "{3335DAD9-B133-465F-90CB-82B90DC97BD4}"
EndProject
Global
	GlobalSection(SolutionConfigurationPlatforms) = preSolution
		Debug|Any CPU = Debug|Any CPU
		Release|Any CPU = Release|Any CPU
	EndGlobalSection
	GlobalSection(ProjectConfigurationPlatforms) = postSolution
		{3056EA15-AA64-4D3D-9E9A-6462E240802D}.Debug|Any CPU.ActiveCfg = Debug|Any CPU
		{3056EA15-AA64-4D3D-9E9A-6462E240802D}.Debug|Any CPU.Build.0 = Debug|Any CPU
		{3056EA15-AA64-4D3D-9E9A-6462E240802D}.Release|Any CPU.ActiveCfg = Release|Any CPU
		{3056EA15-AA64-4D3D-9E9A-6462E240802D}.Release|Any CPU.Build.0 = Release|Any CPU
		{3335DAD9-B133-465F-90CB-82B90DC97BD4}.Debug|Any CPU.ActiveCfg = Debug|Any CPU
		{3335DAD9-B133-465F-90CB-82B90DC97BD4}.Debug|Any CPU.Build.0 = Debug|Any CPU
		{3335DAD9-B133-465F-90CB-82B90DC97BD4}.Release|Any CPU.ActiveCfg = Release|Any CPU
		{3335DAD9-B133-465F-90CB-82B90DC97BD4}.Release|Any CPU.Build.0 = Release|Any CPU
	EndGlobalSection
	GlobalSection(SolutionProperties) = preSolution
		HideSolutionNode = FALSE
	EndGlobalSection
	GlobalSection(ExtensibilityGlobals) = postSolution
		SolutionGuid = {B07924ED-A3FE-4049-9F21-20B2B25947A7}
	EndGlobalSection
EndGlobal
